{
    "_readme": [
        "This file locks the dependencies of your project to a known state",
        "Read more about it at https://getcomposer.org/doc/01-basic-usage.md#installing-dependencies",
        "This file is @generated automatically"
    ],
    "content-hash": "454fad3dd95592852de9785e3521dbff",
    "packages": [
        {
            "name": "adue/wordpress-base-plugin",
            "version": "dev-main",
            "source": {
                "type": "git",
                "url": "https://github.com/Adue-Digital/wordpress-base-plugin.git",
                "reference": "af11e391bbaae9bb4eb3469c4909830fa8c68db4"
            },
            "dist": {
                "type": "zip",
                "url": "https://api.github.com/repos/Adue-Digital/wordpress-base-plugin/zipball/af11e391bbaae9bb4eb3469c4909830fa8c68db4",
                "reference": "af11e391bbaae9bb4eb3469c4909830fa8c68db4",
                "shasum": ""
            },
            "require": {
                "hassankhan/config": "*"
            },
            "default-branch": true,
            "type": "library",
            "autoload": {
                "psr-4": {
                    "Adue\\WordPressBasePlugin\\": "src/"
                }
            },
            "notification-url": "https://packagist.org/downloads/",
            "license": [
                "MIT"
            ],
            "authors": [
                {
                    "name": "Adue"
                }
            ],
            "description": "A basic skeleton for build WordPress plugins",
            "support": {
                "issues": "https://github.com/Adue-Digital/wordpress-base-plugin/issues",
                "source": "https://github.com/Adue-Digital/wordpress-base-plugin/tree/main"
            },
            "time": "2022-10-23T23:04:31+00:00"
        },
        {
            "name": "hassankhan/config",
            "version": "dev-develop",
            "source": {
                "type": "git",
                "url": "https://github.com/hassankhan/config.git",
                "reference": "c992551806ec65ee915a92bc5d5ed02b86b6fa12"
            },
            "dist": {
                "type": "zip",
                "url": "https://api.github.com/repos/hassankhan/config/zipball/c992551806ec65ee915a92bc5d5ed02b86b6fa12",
                "reference": "c992551806ec65ee915a92bc5d5ed02b86b6fa12",
                "shasum": ""
            },
            "require": {
                "php": ">=7.4"
            },
            "require-dev": {
                "phpunit/phpunit": "^9.5",
                "scrutinizer/ocular": "^1.9",
                "squizlabs/php_codesniffer": "^3.6",
                "symfony/yaml": "^5.4"
            },
            "suggest": {
                "symfony/yaml": "^5.4"
            },
            "default-branch": true,
            "type": "library",
            "autoload": {
                "psr-4": {
                    "Noodlehaus\\": "src"
                }
            },
            "notification-url": "https://packagist.org/downloads/",
            "license": [
                "MIT"
            ],
            "authors": [
                {
                    "name": "Hassan Khan",
                    "homepage": "http://hassankhan.me/",
                    "role": "Developer"
                }
            ],
            "description": "Lightweight configuration file loader that supports PHP, INI, XML, JSON, and YAML files",
            "homepage": "http://hassankhan.me/config/",
            "keywords": [
                "config",
                "configuration",
                "ini",
                "json",
                "microphp",
                "unframework",
                "xml",
                "yaml",
                "yml"
            ],
            "support": {
                "issues": "https://github.com/hassankhan/config/issues",
                "source": "https://github.com/hassankhan/config/tree/develop"
            },
            "time": "2022-08-24T17:34:16+00:00"
        }
    ],
    "packages-dev": [],
    "aliases": [],
    "minimum-stability": "dev",
    "stability-flags": [],
    "prefer-stable": false,
    "prefer-lowest": false,
    "platform": [],
    "platform-dev": [],
    "plugin-api-version": "2.2.0"
}
